// !$*UTF8*$!
{
	archiveVersion = 1;
	classes = {
	};
	objectVersion = 46;
	objects = {

/* Begin PBXBuildFile section */
		D0C7955312649E6C709105A1 /* Pods_MyLocationWeather.framework in Frameworks */ = {isa = PBXBuildFile; fileRef = AABF2A716B90E212DC351E48 /* Pods_MyLocationWeather.framework */; };
		F63981531CB4CC9F009B37BE /* AppDelegate.swift in Sources */ = {isa = PBXBuildFile; fileRef = F63981521CB4CC9F009B37BE /* AppDelegate.swift */; };
		F63981551CB4CC9F009B37BE /* ViewController.swift in Sources */ = {isa = PBXBuildFile; fileRef = F63981541CB4CC9F009B37BE /* ViewController.swift */; };
		F63981581CB4CC9F009B37BE /* Main.storyboard in Resources */ = {isa = PBXBuildFile; fileRef = F63981561CB4CC9F009B37BE /* Main.storyboard */; };
		F639815A1CB4CC9F009B37BE /* Assets.xcassets in Resources */ = {isa = PBXBuildFile; fileRef = F63981591CB4CC9F009B37BE /* Assets.xcassets */; };
		F639815D1CB4CC9F009B37BE /* LaunchScreen.storyboard in Resources */ = {isa = PBXBuildFile; fileRef = F639815B1CB4CC9F009B37BE /* LaunchScreen.storyboard */; };
		F639816A1CB6C403009B37BE /* Weather.swift in Sources */ = {isa = PBXBuildFile; fileRef = F63981691CB6C403009B37BE /* Weather.swift */; };
		F6C7E98E1CB792170085D541 /* Constants.swift in Sources */ = {isa = PBXBuildFile; fileRef = F6C7E98D1CB792170085D541 /* Constants.swift */; };
		F6F3DB741CB9379600B0B9E5 /* DayNightImg.swift in Sources */ = {isa = PBXBuildFile; fileRef = F6F3DB731CB9379600B0B9E5 /* DayNightImg.swift */; };
/* End PBXBuildFile section */

/* Begin PBXFileReference section */
		2458C4C954619AF8CD91CCC8 /* Pods-MyLocationWeather.release.xcconfig */ = {isa = PBXFileReference; includeInIndex = 1; lastKnownFileType = text.xcconfig; name = "Pods-MyLocationWeather.release.xcconfig"; path = "Pods/Target Support Files/Pods-MyLocationWeather/Pods-MyLocationWeather.release.xcconfig"; sourceTree = "<group>"; };
		AABF2A716B90E212DC351E48 /* Pods_MyLocationWeather.framework */ = {isa = PBXFileReference; explicitFileType = wrapper.framework; includeInIndex = 0; path = Pods_MyLocationWeather.framework; sourceTree = BUILT_PRODUCTS_DIR; };
		E045EC4E9B08186D5B815592 /* Pods-MyLocationWeather.debug.xcconfig */ = {isa = PBXFileReference; includeInIndex = 1; lastKnownFileType = text.xcconfig; name = "Pods-MyLocationWeather.debug.xcconfig"; path = "Pods/Target Support Files/Pods-MyLocationWeather/Pods-MyLocationWeather.debug.xcconfig"; sourceTree = "<group>"; };
		F639814F1CB4CC9F009B37BE /* MyLocationWeather.app */ = {isa = PBXFileReference; explicitFileType = wrapper.application; includeInIndex = 0; path = MyLocationWeather.app; sourceTree = BUILT_PRODUCTS_DIR; };
		F63981521CB4CC9F009B37BE /* AppDelegate.swift */ = {isa = PBXFileReference; lastKnownFileType = sourcecode.swift; path = AppDelegate.swift; sourceTree = "<group>"; };
		F63981541CB4CC9F009B37BE /* ViewController.swift */ = {isa = PBXFileReference; lastKnownFileType = sourcecode.swift; path = ViewController.swift; sourceTree = "<group>"; };
		F63981571CB4CC9F009B37BE /* Base */ = {isa = PBXFileReference; lastKnownFileType = file.storyboard; name = Base; path = Base.lproj/Main.storyboard; sourceTree = "<group>"; };
		F63981591CB4CC9F009B37BE /* Assets.xcassets */ = {isa = PBXFileReference; lastKnownFileType = folder.assetcatalog; path = Assets.xcassets; sourceTree = "<group>"; };
		F639815C1CB4CC9F009B37BE /* Base */ = {isa = PBXFileReference; lastKnownFileType = file.storyboard; name = Base; path = Base.lproj/LaunchScreen.storyboard; sourceTree = "<group>"; };
		F639815E1CB4CC9F009B37BE /* Info.plist */ = {isa = PBXFileReference; lastKnownFileType = text.plist.xml; path = Info.plist; sourceTree = "<group>"; };
		F63981691CB6C403009B37BE /* Weather.swift */ = {isa = PBXFileReference; fileEncoding = 4; lastKnownFileType = sourcecode.swift; path = Weather.swift; sourceTree = "<group>"; };
		F6C7E98D1CB792170085D541 /* Constants.swift */ = {isa = PBXFileReference; fileEncoding = 4; lastKnownFileType = sourcecode.swift; path = Constants.swift; sourceTree = "<group>"; };
		F6F3DB731CB9379600B0B9E5 /* DayNightImg.swift */ = {isa = PBXFileReference; fileEncoding = 4; lastKnownFileType = sourcecode.swift; path = DayNightImg.swift; sourceTree = "<group>"; };
/* End PBXFileReference section */

/* Begin PBXFrameworksBuildPhase section */
		F639814C1CB4CC9F009B37BE /* Frameworks */ = {
			isa = PBXFrameworksBuildPhase;
			buildActionMask = 2147483647;
			files = (
				D0C7955312649E6C709105A1 /* Pods_MyLocationWeather.framework in Frameworks */,
			);
			runOnlyForDeploymentPostprocessing = 0;
		};
/* End PBXFrameworksBuildPhase section */

/* Begin PBXGroup section */
		1475970CB04637341B063EB5 /* Frameworks */ = {
			isa = PBXGroup;
			children = (
				AABF2A716B90E212DC351E48 /* Pods_MyLocationWeather.framework */,
			);
			name = Frameworks;
			sourceTree = "<group>";
		};
		71577167917B7510F8FAA21F /* Pods */ = {
			isa = PBXGroup;
			children = (
				E045EC4E9B08186D5B815592 /* Pods-MyLocationWeather.debug.xcconfig */,
				2458C4C954619AF8CD91CCC8 /* Pods-MyLocationWeather.release.xcconfig */,
			);
			name = Pods;
			sourceTree = "<group>";
		};
		F63981461CB4CC9F009B37BE = {
			isa = PBXGroup;
			children = (
				F63981511CB4CC9F009B37BE /* MyLocationWeather */,
				F63981501CB4CC9F009B37BE /* Products */,
				71577167917B7510F8FAA21F /* Pods */,
				1475970CB04637341B063EB5 /* Frameworks */,
			);
			sourceTree = "<group>";
		};
		F63981501CB4CC9F009B37BE /* Products */ = {
			isa = PBXGroup;
			children = (
				F639814F1CB4CC9F009B37BE /* MyLocationWeather.app */,
			);
			name = Products;
			sourceTree = "<group>";
		};
		F63981511CB4CC9F009B37BE /* MyLocationWeather */ = {
			isa = PBXGroup;
			children = (
				F63981661CB4CDD2009B37BE /* Controller */,
				F63981651CB4CDCD009B37BE /* View */,
				F63981641CB4CDC6009B37BE /* Model */,
				F63981521CB4CC9F009B37BE /* AppDelegate.swift */,
				F63981591CB4CC9F009B37BE /* Assets.xcassets */,
				F639815B1CB4CC9F009B37BE /* LaunchScreen.storyboard */,
				F639815E1CB4CC9F009B37BE /* Info.plist */,
			);
			path = MyLocationWeather;
			sourceTree = "<group>";
		};
		F63981641CB4CDC6009B37BE /* Model */ = {
			isa = PBXGroup;
			children = (
				F63981691CB6C403009B37BE /* Weather.swift */,
				F6C7E98D1CB792170085D541 /* Constants.swift */,
			);
			name = Model;
			sourceTree = "<group>";
		};
		F63981651CB4CDCD009B37BE /* View */ = {
			isa = PBXGroup;
			children = (
				F63981561CB4CC9F009B37BE /* Main.storyboard */,
				F6F3DB731CB9379600B0B9E5 /* DayNightImg.swift */,
			);
			name = View;
			sourceTree = "<group>";
		};
		F63981661CB4CDD2009B37BE /* Controller */ = {
			isa = PBXGroup;
			children = (
				F63981541CB4CC9F009B37BE /* ViewController.swift */,
			);
			name = Controller;
			sourceTree = "<group>";
		};
/* End PBXGroup section */

/* Begin PBXNativeTarget section */
		F639814E1CB4CC9F009B37BE /* MyLocationWeather */ = {
			isa = PBXNativeTarget;
			buildConfigurationList = F63981611CB4CC9F009B37BE /* Build configuration list for PBXNativeTarget "MyLocationWeather" */;
			buildPhases = (
				EC1D845211500406F7CEA006 /* Check Pods Manifest.lock */,
				F639814B1CB4CC9F009B37BE /* Sources */,
				F639814C1CB4CC9F009B37BE /* Frameworks */,
				F639814D1CB4CC9F009B37BE /* Resources */,
				C4EA9DF4065F292381572AEF /* Embed Pods Frameworks */,
				1F428EC4CACEE708461D315A /* Copy Pods Resources */,
			);
			buildRules = (
			);
			dependencies = (
			);
			name = MyLocationWeather;
			productName = MyLocationWeather;
			productReference = F639814F1CB4CC9F009B37BE /* MyLocationWeather.app */;
			productType = "com.apple.product-type.application";
		};
/* End PBXNativeTarget section */

/* Begin PBXProject section */
		F63981471CB4CC9F009B37BE /* Project object */ = {
			isa = PBXProject;
			attributes = {
				LastSwiftUpdateCheck = 0730;
				LastUpgradeCheck = 0730;
				ORGANIZATIONNAME = "Valentina Butenko";
				TargetAttributes = {
					F639814E1CB4CC9F009B37BE = {
						CreatedOnToolsVersion = 7.3;
					};
				};
			};
			buildConfigurationList = F639814A1CB4CC9F009B37BE /* Build configuration list for PBXProject "MyLocationWeather" */;
			compatibilityVersion = "Xcode 3.2";
			developmentRegion = English;
			hasScannedForEncodings = 0;
			knownRegions = (
				en,
				Base,
			);
			mainGroup = F63981461CB4CC9F009B37BE;
			productRefGroup = F63981501CB4CC9F009B37BE /* Products */;
			projectDirPath = "";
			projectRoot = "";
			targets = (
				F639814E1CB4CC9F009B37BE /* MyLocationWeather */,
			);
		};
/* End PBXProject section */

/* Begin PBXResourcesBuildPhase section */
		F639814D1CB4CC9F009B37BE /* Resources */ = {
			isa = PBXResourcesBuildPhase;
			buildActionMask = 2147483647;
			files = (
				F639815D1CB4CC9F009B37BE /* LaunchScreen.storyboard in Resources */,
				F639815A1CB4CC9F009B37BE /* Assets.xcassets in Resources */,
				F63981581CB4CC9F009B37BE /* Main.storyboard in Resources */,
			);
			runOnlyForDeploymentPostprocessing = 0;
		};
/* End PBXResourcesBuildPhase section */

/* Begin PBXShellScriptBuildPhase section */
		1F428EC4CACEE708461D315A /* Copy Pods Resources */ = {
			isa = PBXShellScriptBuildPhase;
			buildActionMask = 2147483647;
			files = (
			);
			inputPaths = (
			);
			name = "Copy Pods Resources";
			outputPaths = (
			);
			runOnlyForDeploymentPostprocessing = 0;
			shellPath = /bin/sh;
			shellScript = "\"${SRCROOT}/Pods/Target Support Files/Pods-MyLocationWeather/Pods-MyLocationWeather-resources.sh\"\n";
			showEnvVarsInLog = 0;
		};
		C4EA9DF4065F292381572AEF /* Embed Pods Frameworks */ = {
			isa = PBXShellScriptBuildPhase;
			buildActionMask = 2147483647;
			files = (
			);
			inputPaths = (
			);
			name = "Embed Pods Frameworks";
			outputPaths = (
			);
			runOnlyForDeploymentPostprocessing = 0;
			shellPath = /bin/sh;
			shellScript = "\"${SRCROOT}/Pods/Target Support Files/Pods-MyLocationWeather/Pods-MyLocationWeather-frameworks.sh\"\n";
			showEnvVarsInLog = 0;
		};
		EC1D845211500406F7CEA006 /* Check Pods Manifest.lock */ = {
			isa = PBXShellScriptBuildPhase;
			buildActionMask = 2147483647;
			files = (
			);
			inputPaths = (
			);
			name = "Check Pods Manifest.lock";
			outputPaths = (
			);
			runOnlyForDeploymentPostprocessing = 0;
			shellPath = /bin/sh;
			shellScript = "diff \"${PODS_ROOT}/../Podfile.lock\" \"${PODS_ROOT}/Manifest.lock\" > /dev/null\nif [[ $? != 0 ]] ; then\n    cat << EOM\nerror: The sandbox is not in sync with the Podfile.lock. Run 'pod install' or update your CocoaPods installation.\nEOM\n    exit 1\nfi\n";
			showEnvVarsInLog = 0;
		};
/* End PBXShellScriptBuildPhase section */

/* Begin PBXSourcesBuildPhase section */
		F639814B1CB4CC9F009B37BE /* Sources */ = {
			isa = PBXSourcesBuildPhase;
			buildActionMask = 2147483647;
			files = (
				F6F3DB741CB9379600B0B9E5 /* DayNightImg.swift in Sources */,
				F63981551CB4CC9F009B37BE /* ViewController.swift in Sources */,
				F639816A1CB6C403009B37BE /* Weather.swift in Sources */,
				F63981531CB4CC9F009B37BE /* AppDelegate.swift in Sources */,
				F6C7E98E1CB792170085D541 /* Constants.swift in Sources */,
			);
			runOnlyForDeploymentPostprocessing = 0;
		};
/* End PBXSourcesBuildPhase section */

/* Begin PBXVariantGroup section */
		F63981561CB4CC9F009B37BE /* Main.storyboard */ = {
			isa = PBXVariantGroup;
			children = (
				F63981571CB4CC9F009B37BE /* Base */,
			);
			name = Main.storyboard;
			sourceTree = "<group>";
		};
		F639815B1CB4CC9F009B37BE /* LaunchScreen.storyboard */ = {
			isa = PBXVariantGroup;
			children = (
				F639815C1CB4CC9F009B37BE /* Base */,
			);
			name = LaunchScreen.storyboard;
			sourceTree = "<group>";
		};
/* End PBXVariantGroup section */

/* Begin XCBuildConfiguration section */
		F639815F1CB4CC9F009B37BE /* Debug */ = {
			isa = XCBuildConfiguration;
			buildSettings = {
				ALWAYS_SEARCH_USER_PATHS = NO;
				CLANG_ANALYZER_NONNULL = YES;
				CLANG_CXX_LANGUAGE_STANDARD = "gnu++0x";
				CLANG_CXX_LIBRARY = "libc++";
				CLANG_ENABLE_MODULES = YES;
				CLANG_ENABLE_OBJC_ARC = YES;
				CLANG_WARN_BOOL_CONVERSION = YES;
				CLANG_WARN_CONSTANT_CONVERSION = YES;
				CLANG_WARN_DIRECT_OBJC_ISA_USAGE = YES_ERROR;
				CLANG_WARN_EMPTY_BODY = YES;
				CLANG_WARN_ENUM_CONVERSION = YES;
				CLANG_WARN_INT_CONVERSION = YES;
				CLANG_WARN_OBJC_ROOT_CLASS = YES_ERROR;
				CLANG_WARN_UNREACHABLE_CODE = YES;
				CLANG_WARN__DUPLICATE_METHOD_MATCH = YES;
				"CODE_SIGN_IDENTITY[sdk=iphoneos*]" = "iPhone Developer";
				COPY_PHASE_STRIP = NO;
				DEBUG_INFORMATION_FORMAT = dwarf;
				ENABLE_STRICT_OBJC_MSGSEND = YES;
				ENABLE_TESTABILITY = YES;
				GCC_C_LANGUAGE_STANDARD = gnu99;
				GCC_DYNAMIC_NO_PIC = NO;
				GCC_NO_COMMON_BLOCKS = YES;
				GCC_OPTIMIZATION_LEVEL = 0;
				GCC_PREPROCESSOR_DEFINITIONS = (
					"DEBUG=1",
					"$(inherited)",
				);
				GCC_WARN_64_TO_32_BIT_CONVERSION = YES;
				GCC_WARN_ABOUT_RETURN_TYPE = YES_ERROR;
				GCC_WARN_UNDECLARED_SELECTOR = YES;
				GCC_WARN_UNINITIALIZED_AUTOS = YES_AGGRESSIVE;
				GCC_WARN_UNUSED_FUNCTION = YES;
				GCC_WARN_UNUSED_VARIABLE = YES;
				IPHONEOS_DEPLOYMENT_TARGET = 9.3;
				MTL_ENABLE_DEBUG_INFO = YES;
				ONLY_ACTIVE_ARCH = YES;
				SDKROOT = iphoneos;
				SWIFT_OPTIMIZATION_LEVEL = "-Onone";
				TARGETED_DEVICE_FAMILY = "1,2";
			};
			name = Debug;
		};
		F63981601CB4CC9F009B37BE /* Release */ = {
			isa = XCBuildConfiguration;
			buildSettings = {
				ALWAYS_SEARCH_USER_PATHS = NO;
				CLANG_ANALYZER_NONNULL = YES;
				CLANG_CXX_LANGUAGE_STANDARD = "gnu++0x";
				CLANG_CXX_LIBRARY = "libc++";
				CLANG_ENABLE_MODULES = YES;
				CLANG_ENABLE_OBJC_ARC = YES;
				CLANG_WARN_BOOL_CONVERSION = YES;
				CLANG_WARN_CONSTANT_CONVERSION = YES;
				CLANG_WARN_DIRECT_OBJC_ISA_USAGE = YES_ERROR;
				CLANG_WARN_EMPTY_BODY = YES;
				CLANG_WARN_ENUM_CONVERSION = YES;
				CLANG_WARN_INT_CONVERSION = YES;
				CLANG_WARN_OBJC_ROOT_CLASS = YES_ERROR;
				CLANG_WARN_UNREACHABLE_CODE = YES;
				CLANG_WARN__DUPLICATE_METHOD_MATCH = YES;
				"CODE_SIGN_IDENTITY[sdk=iphoneos*]" = "iPhone Developer";
				COPY_PHASE_STRIP = NO;
				DEBUG_INFORMATION_FORMAT = "dwarf-with-dsym";
				ENABLE_NS_ASSERTIONS = NO;
				ENABLE_STRICT_OBJC_MSGSEND = YES;
				GCC_C_LANGUAGE_STANDARD = gnu99;
				GCC_NO_COMMON_BLOCKS = YES;
				GCC_WARN_64_TO_32_BIT_CONVERSION = YES;
				GCC_WARN_ABOUT_RETURN_TYPE = YES_ERROR;
				GCC_WARN_UNDECLARED_SELECTOR = YES;
				GCC_WARN_UNINITIALIZED_AUTOS = YES_AGGRESSIVE;
				GCC_WARN_UNUSED_FUNCTION = YES;
				GCC_WARN_UNUSED_VARIABLE = YES;
				IPHONEOS_DEPLOYMENT_TARGET = 9.3;
				MTL_ENABLE_DEBUG_INFO = NO;
				SDKROOT = iphoneos;
				TARGETED_DEVICE_FAMILY = "1,2";
				VALIDATE_PRODUCT = YES;
			};
			name = Release;
		};
		F63981621CB4CC9F009B37BE /* Debug */ = {
			isa = XCBuildConfiguration;
			baseConfigurationReference = E045EC4E9B08186D5B815592 /* Pods-MyLocationWeather.debug.xcconfig */;
			buildSettings = {
				ASSETCATALOG_COMPILER_APPICON_NAME = AppIcon;
				INFOPLIST_FILE = MyLocationWeather/Info.plist;
				LD_RUNPATH_SEARCH_PATHS = "$(inherited) @executable_path/Frameworks";
				PRODUCT_BUNDLE_IDENTIFIER = "Valentina-Butenko.MyLocationWeather";
				PRODUCT_NAME = "$(TARGET_NAME)";
			};
			name = Debug;
		};
		F63981631CB4CC9F009B37BE /* Release */ = {
			isa = XCBuildConfiguration;
			baseConfigurationReference = 2458C4C954619AF8CD91CCC8 /* Pods-MyLocationWeather.release.xcconfig */;
			buildSettings = {
				ASSETCATALOG_COMPILER_APPICON_NAME = AppIcon;
				INFOPLIST_FILE = MyLocationWeather/Info.plist;
				LD_RUNPATH_SEARCH_PATHS = "$(inherited) @executable_path/Frameworks";
				PRODUCT_BUNDLE_IDENTIFIER = "Valentina-Butenko.MyLocationWeather";
				PRODUCT_NAME = "$(TARGET_NAME)";
			};
			name = Release;
		};
/* End XCBuildConfiguration section */

/* Begin XCConfigurationList section */
		F639814A1CB4CC9F009B37BE /* Build configuration list for PBXProject "MyLocationWeather" */ = {
			isa = XCConfigurationList;
			buildConfigurations = (
				F639815F1CB4CC9F009B37BE /* Debug */,
				F63981601CB4CC9F009B37BE /* Release */,
			);
			defaultConfigurationIsVisible = 0;
			defaultConfigurationName = Release;
		};
		F63981611CB4CC9F009B37BE /* Build configuration list for PBXNativeTarget "MyLocationWeather" */ = {
			isa = XCConfigurationList;
			buildConfigurations = (
				F63981621CB4CC9F009B37BE /* Debug */,
				F63981631CB4CC9F009B37BE /* Release */,
			);
			defaultConfigurationIsVisible = 0;
			defaultConfigurationName = Release;
		};
/* End XCConfigurationList section */
	};
	rootObject = F63981471CB4CC9F009B37BE /* Project object */;
}
